// !$*UTF8*$!
{
	archiveVersion = 1;
	classes = {
	};
	objectVersion = 48;
	objects = {

/* Begin PBXBuildFile section */
		39F8B0D420E0C4DC00FA80F0 /* SKCacheItem.m in Sources */ = {isa = PBXBuildFile; fileRef = 39F8B0CF20E0C4DC00FA80F0 /* SKCacheItem.m */; };
		39F8B0D520E0C4DC00FA80F0 /* SKCacheManager.m in Sources */ = {isa = PBXBuildFile; fileRef = 39F8B0D120E0C4DC00FA80F0 /* SKCacheManager.m */; };
		39F8B0D620E0C4DC00FA80F0 /* SKFileManager.m in Sources */ = {isa = PBXBuildFile; fileRef = 39F8B0D320E0C4DC00FA80F0 /* SKFileManager.m */; };
		39F8B0F420E0C4ED00FA80F0 /* NSArray+SKFoundation.m in Sources */ = {isa = PBXBuildFile; fileRef = 39F8B0D920E0C4EC00FA80F0 /* NSArray+SKFoundation.m */; };
		39F8B0F520E0C4ED00FA80F0 /* NSBundle+SKLanguage.m in Sources */ = {isa = PBXBuildFile; fileRef = 39F8B0DB20E0C4EC00FA80F0 /* NSBundle+SKLanguage.m */; };
		39F8B0F620E0C4ED00FA80F0 /* NSDate+SKFoundation.m in Sources */ = {isa = PBXBuildFile; fileRef = 39F8B0DD20E0C4EC00FA80F0 /* NSDate+SKFoundation.m */; };
		39F8B0F720E0C4ED00FA80F0 /* NSDictionary+SKFoundation.m in Sources */ = {isa = PBXBuildFile; fileRef = 39F8B0DF20E0C4EC00FA80F0 /* NSDictionary+SKFoundation.m */; };
		39F8B0F820E0C4ED00FA80F0 /* NSFileManager+SKFoundation.m in Sources */ = {isa = PBXBuildFile; fileRef = 39F8B0E120E0C4EC00FA80F0 /* NSFileManager+SKFoundation.m */; };
		39F8B0F920E0C4ED00FA80F0 /* NSNull+SKCommon.m in Sources */ = {isa = PBXBuildFile; fileRef = 39F8B0E320E0C4EC00FA80F0 /* NSNull+SKCommon.m */; };
		39F8B0FA20E0C4ED00FA80F0 /* NSObject+SKORM.m in Sources */ = {isa = PBXBuildFile; fileRef = 39F8B0E520E0C4EC00FA80F0 /* NSObject+SKORM.m */; };
		39F8B0FB20E0C4ED00FA80F0 /* NSObject+SKSwizzled.m in Sources */ = {isa = PBXBuildFile; fileRef = 39F8B0E720E0C4EC00FA80F0 /* NSObject+SKSwizzled.m */; };
		39F8B0FC20E0C4ED00FA80F0 /* NSString+SKCalculation.m in Sources */ = {isa = PBXBuildFile; fileRef = 39F8B0E920E0C4EC00FA80F0 /* NSString+SKCalculation.m */; };
		39F8B0FD20E0C4ED00FA80F0 /* NSString+SKCheck.m in Sources */ = {isa = PBXBuildFile; fileRef = 39F8B0EB20E0C4EC00FA80F0 /* NSString+SKCheck.m */; };
		39F8B0FE20E0C4ED00FA80F0 /* NSString+SKDate.m in Sources */ = {isa = PBXBuildFile; fileRef = 39F8B0ED20E0C4EC00FA80F0 /* NSString+SKDate.m */; };
		39F8B0FF20E0C4ED00FA80F0 /* NSString+SKFoundation.m in Sources */ = {isa = PBXBuildFile; fileRef = 39F8B0EF20E0C4EC00FA80F0 /* NSString+SKFoundation.m */; };
		39F8B10020E0C4ED00FA80F0 /* NSString+SKURL.m in Sources */ = {isa = PBXBuildFile; fileRef = 39F8B0F120E0C4EC00FA80F0 /* NSString+SKURL.m */; };
		39F8B10120E0C4ED00FA80F0 /* NSTimer+SKFoundation.m in Sources */ = {isa = PBXBuildFile; fileRef = 39F8B0F320E0C4EC00FA80F0 /* NSTimer+SKFoundation.m */; };
		39F8B11720E0C50000FA80F0 /* UIButton+SKClickInterval.m in Sources */ = {isa = PBXBuildFile; fileRef = 39F8B10620E0C50000FA80F0 /* UIButton+SKClickInterval.m */; };
		39F8B11820E0C50000FA80F0 /* UIButton+SKVerticalLayout.m in Sources */ = {isa = PBXBuildFile; fileRef = 39F8B10820E0C50000FA80F0 /* UIButton+SKVerticalLayout.m */; };
		39F8B11920E0C50000FA80F0 /* UIButton+SKWebCache.m in Sources */ = {isa = PBXBuildFile; fileRef = 39F8B10A20E0C50000FA80F0 /* UIButton+SKWebCache.m */; };
		39F8B11A20E0C50000FA80F0 /* UIImage+SKFoundation.m in Sources */ = {isa = PBXBuildFile; fileRef = 39F8B10C20E0C50000FA80F0 /* UIImage+SKFoundation.m */; };
		39F8B11B20E0C50000FA80F0 /* UIImageView+SKWebCache.m in Sources */ = {isa = PBXBuildFile; fileRef = 39F8B10E20E0C50000FA80F0 /* UIImageView+SKWebCache.m */; };
		39F8B11C20E0C50000FA80F0 /* UILabel+SKHeight.m in Sources */ = {isa = PBXBuildFile; fileRef = 39F8B11020E0C50000FA80F0 /* UILabel+SKHeight.m */; };
		39F8B11D20E0C50000FA80F0 /* UINavigationBar+Transition.m in Sources */ = {isa = PBXBuildFile; fileRef = 39F8B11220E0C50000FA80F0 /* UINavigationBar+Transition.m */; };
		39F8B11E20E0C50000FA80F0 /* UIView+SKFoundation.m in Sources */ = {isa = PBXBuildFile; fileRef = 39F8B11420E0C50000FA80F0 /* UIView+SKFoundation.m */; };
		39F8B11F20E0C50000FA80F0 /* UIViewController+SKMediator.m in Sources */ = {isa = PBXBuildFile; fileRef = 39F8B11620E0C50000FA80F0 /* UIViewController+SKMediator.m */; };
		39F8B12C20E0C51600FA80F0 /* AppDelegate.m in Sources */ = {isa = PBXBuildFile; fileRef = 39F8B12220E0C51600FA80F0 /* AppDelegate.m */; };
		39F8B12D20E0C51600FA80F0 /* Assets.xcassets in Resources */ = {isa = PBXBuildFile; fileRef = 39F8B12320E0C51600FA80F0 /* Assets.xcassets */; };
		39F8B12E20E0C51600FA80F0 /* LaunchScreen.storyboard in Resources */ = {isa = PBXBuildFile; fileRef = 39F8B12420E0C51600FA80F0 /* LaunchScreen.storyboard */; };
		39F8B12F20E0C51600FA80F0 /* Main.storyboard in Resources */ = {isa = PBXBuildFile; fileRef = 39F8B12620E0C51600FA80F0 /* Main.storyboard */; };
		39F8B13020E0C51600FA80F0 /* Info.plist in Resources */ = {isa = PBXBuildFile; fileRef = 39F8B12820E0C51600FA80F0 /* Info.plist */; };
		39F8B13120E0C51600FA80F0 /* main.m in Sources */ = {isa = PBXBuildFile; fileRef = 39F8B12920E0C51600FA80F0 /* main.m */; };
		39F8B13220E0C51600FA80F0 /* ViewController.m in Sources */ = {isa = PBXBuildFile; fileRef = 39F8B12B20E0C51600FA80F0 /* ViewController.m */; };
		39F8B13420E0C58A00FA80F0 /* Default-568h@2x.png in Resources */ = {isa = PBXBuildFile; fileRef = 39F8B13320E0C58A00FA80F0 /* Default-568h@2x.png */; };
		463279E31FA0A264000D4EAF /* SKExtensionMacro.h in Sources */ = {isa = PBXBuildFile; fileRef = 4677F9DA1F99A0D10031F554 /* SKExtensionMacro.h */; };
		9AB37D863B1830149B257784 /* libPods-SKExtension.a in Frameworks */ = {isa = PBXBuildFile; fileRef = 725796EB797BE59C9740C4FD /* libPods-SKExtension.a */; };
/* End PBXBuildFile section */

/* Begin PBXFileReference section */
		39AC383B20E0C06C000BA76A /* SKExtension.h */ = {isa = PBXFileReference; lastKnownFileType = sourcecode.c.h; path = SKExtension.h; sourceTree = "<group>"; };
		39F8B0CE20E0C4DC00FA80F0 /* SKCacheItem.h */ = {isa = PBXFileReference; fileEncoding = 4; lastKnownFileType = sourcecode.c.h; path = SKCacheItem.h; sourceTree = "<group>"; };
		39F8B0CF20E0C4DC00FA80F0 /* SKCacheItem.m */ = {isa = PBXFileReference; fileEncoding = 4; lastKnownFileType = sourcecode.c.objc; path = SKCacheItem.m; sourceTree = "<group>"; };
		39F8B0D020E0C4DC00FA80F0 /* SKCacheManager.h */ = {isa = PBXFileReference; fileEncoding = 4; lastKnownFileType = sourcecode.c.h; path = SKCacheManager.h; sourceTree = "<group>"; };
		39F8B0D120E0C4DC00FA80F0 /* SKCacheManager.m */ = {isa = PBXFileReference; fileEncoding = 4; lastKnownFileType = sourcecode.c.objc; path = SKCacheManager.m; sourceTree = "<group>"; };
		39F8B0D220E0C4DC00FA80F0 /* SKFileManager.h */ = {isa = PBXFileReference; fileEncoding = 4; lastKnownFileType = sourcecode.c.h; path = SKFileManager.h; sourceTree = "<group>"; };
		39F8B0D320E0C4DC00FA80F0 /* SKFileManager.m */ = {isa = PBXFileReference; fileEncoding = 4; lastKnownFileType = sourcecode.c.objc; path = SKFileManager.m; sourceTree = "<group>"; };
		39F8B0D820E0C4EC00FA80F0 /* NSArray+SKFoundation.h */ = {isa = PBXFileReference; fileEncoding = 4; lastKnownFileType = sourcecode.c.h; path = "NSArray+SKFoundation.h"; sourceTree = "<group>"; };
		39F8B0D920E0C4EC00FA80F0 /* NSArray+SKFoundation.m */ = {isa = PBXFileReference; fileEncoding = 4; lastKnownFileType = sourcecode.c.objc; path = "NSArray+SKFoundation.m"; sourceTree = "<group>"; };
		39F8B0DA20E0C4EC00FA80F0 /* NSBundle+SKLanguage.h */ = {isa = PBXFileReference; fileEncoding = 4; lastKnownFileType = sourcecode.c.h; path = "NSBundle+SKLanguage.h"; sourceTree = "<group>"; };
		39F8B0DB20E0C4EC00FA80F0 /* NSBundle+SKLanguage.m */ = {isa = PBXFileReference; fileEncoding = 4; lastKnownFileType = sourcecode.c.objc; path = "NSBundle+SKLanguage.m"; sourceTree = "<group>"; };
		39F8B0DC20E0C4EC00FA80F0 /* NSDate+SKFoundation.h */ = {isa = PBXFileReference; fileEncoding = 4; lastKnownFileType = sourcecode.c.h; path = "NSDate+SKFoundation.h"; sourceTree = "<group>"; };
		39F8B0DD20E0C4EC00FA80F0 /* NSDate+SKFoundation.m */ = {isa = PBXFileReference; fileEncoding = 4; lastKnownFileType = sourcecode.c.objc; path = "NSDate+SKFoundation.m"; sourceTree = "<group>"; };
		39F8B0DE20E0C4EC00FA80F0 /* NSDictionary+SKFoundation.h */ = {isa = PBXFileReference; fileEncoding = 4; lastKnownFileType = sourcecode.c.h; path = "NSDictionary+SKFoundation.h"; sourceTree = "<group>"; };
		39F8B0DF20E0C4EC00FA80F0 /* NSDictionary+SKFoundation.m */ = {isa = PBXFileReference; fileEncoding = 4; lastKnownFileType = sourcecode.c.objc; path = "NSDictionary+SKFoundation.m"; sourceTree = "<group>"; };
		39F8B0E020E0C4EC00FA80F0 /* NSFileManager+SKFoundation.h */ = {isa = PBXFileReference; fileEncoding = 4; lastKnownFileType = sourcecode.c.h; path = "NSFileManager+SKFoundation.h"; sourceTree = "<group>"; };
		39F8B0E120E0C4EC00FA80F0 /* NSFileManager+SKFoundation.m */ = {isa = PBXFileReference; fileEncoding = 4; lastKnownFileType = sourcecode.c.objc; path = "NSFileManager+SKFoundation.m"; sourceTree = "<group>"; };
		39F8B0E220E0C4EC00FA80F0 /* NSNull+SKCommon.h */ = {isa = PBXFileReference; fileEncoding = 4; lastKnownFileType = sourcecode.c.h; path = "NSNull+SKCommon.h"; sourceTree = "<group>"; };
		39F8B0E320E0C4EC00FA80F0 /* NSNull+SKCommon.m */ = {isa = PBXFileReference; fileEncoding = 4; lastKnownFileType = sourcecode.c.objc; path = "NSNull+SKCommon.m"; sourceTree = "<group>"; };
		39F8B0E420E0C4EC00FA80F0 /* NSObject+SKORM.h */ = {isa = PBXFileReference; fileEncoding = 4; lastKnownFileType = sourcecode.c.h; path = "NSObject+SKORM.h"; sourceTree = "<group>"; };
		39F8B0E520E0C4EC00FA80F0 /* NSObject+SKORM.m */ = {isa = PBXFileReference; fileEncoding = 4; lastKnownFileType = sourcecode.c.objc; path = "NSObject+SKORM.m"; sourceTree = "<group>"; };
		39F8B0E620E0C4EC00FA80F0 /* NSObject+SKSwizzled.h */ = {isa = PBXFileReference; fileEncoding = 4; lastKnownFileType = sourcecode.c.h; path = "NSObject+SKSwizzled.h"; sourceTree = "<group>"; };
		39F8B0E720E0C4EC00FA80F0 /* NSObject+SKSwizzled.m */ = {isa = PBXFileReference; fileEncoding = 4; lastKnownFileType = sourcecode.c.objc; path = "NSObject+SKSwizzled.m"; sourceTree = "<group>"; };
		39F8B0E820E0C4EC00FA80F0 /* NSString+SKCalculation.h */ = {isa = PBXFileReference; fileEncoding = 4; lastKnownFileType = sourcecode.c.h; path = "NSString+SKCalculation.h"; sourceTree = "<group>"; };
		39F8B0E920E0C4EC00FA80F0 /* NSString+SKCalculation.m */ = {isa = PBXFileReference; fileEncoding = 4; lastKnownFileType = sourcecode.c.objc; path = "NSString+SKCalculation.m"; sourceTree = "<group>"; };
		39F8B0EA20E0C4EC00FA80F0 /* NSString+SKCheck.h */ = {isa = PBXFileReference; fileEncoding = 4; lastKnownFileType = sourcecode.c.h; path = "NSString+SKCheck.h"; sourceTree = "<group>"; };
		39F8B0EB20E0C4EC00FA80F0 /* NSString+SKCheck.m */ = {isa = PBXFileReference; fileEncoding = 4; lastKnownFileType = sourcecode.c.objc; path = "NSString+SKCheck.m"; sourceTree = "<group>"; };
		39F8B0EC20E0C4EC00FA80F0 /* NSString+SKDate.h */ = {isa = PBXFileReference; fileEncoding = 4; lastKnownFileType = sourcecode.c.h; path = "NSString+SKDate.h"; sourceTree = "<group>"; };
		39F8B0ED20E0C4EC00FA80F0 /* NSString+SKDate.m */ = {isa = PBXFileReference; fileEncoding = 4; lastKnownFileType = sourcecode.c.objc; path = "NSString+SKDate.m"; sourceTree = "<group>"; };
		39F8B0EE20E0C4EC00FA80F0 /* NSString+SKFoundation.h */ = {isa = PBXFileReference; fileEncoding = 4; lastKnownFileType = sourcecode.c.h; path = "NSString+SKFoundation.h"; sourceTree = "<group>"; };
		39F8B0EF20E0C4EC00FA80F0 /* NSString+SKFoundation.m */ = {isa = PBXFileReference; fileEncoding = 4; lastKnownFileType = sourcecode.c.objc; path = "NSString+SKFoundation.m"; sourceTree = "<group>"; };
		39F8B0F020E0C4EC00FA80F0 /* NSString+SKURL.h */ = {isa = PBXFileReference; fileEncoding = 4; lastKnownFileType = sourcecode.c.h; path = "NSString+SKURL.h"; sourceTree = "<group>"; };
		39F8B0F120E0C4EC00FA80F0 /* NSString+SKURL.m */ = {isa = PBXFileReference; fileEncoding = 4; lastKnownFileType = sourcecode.c.objc; path = "NSString+SKURL.m"; sourceTree = "<group>"; };
		39F8B0F220E0C4EC00FA80F0 /* NSTimer+SKFoundation.h */ = {isa = PBXFileReference; fileEncoding = 4; lastKnownFileType = sourcecode.c.h; path = "NSTimer+SKFoundation.h"; sourceTree = "<group>"; };
		39F8B0F320E0C4EC00FA80F0 /* NSTimer+SKFoundation.m */ = {isa = PBXFileReference; fileEncoding = 4; lastKnownFileType = sourcecode.c.objc; path = "NSTimer+SKFoundation.m"; sourceTree = "<group>"; };
		39F8B10320E0C4F800FA80F0 /* SKExtensionMacro.h */ = {isa = PBXFileReference; fileEncoding = 4; lastKnownFileType = sourcecode.c.h; path = SKExtensionMacro.h; sourceTree = "<group>"; };
		39F8B10520E0C50000FA80F0 /* UIButton+SKClickInterval.h */ = {isa = PBXFileReference; fileEncoding = 4; lastKnownFileType = sourcecode.c.h; path = "UIButton+SKClickInterval.h"; sourceTree = "<group>"; };
		39F8B10620E0C50000FA80F0 /* UIButton+SKClickInterval.m */ = {isa = PBXFileReference; fileEncoding = 4; lastKnownFileType = sourcecode.c.objc; path = "UIButton+SKClickInterval.m"; sourceTree = "<group>"; };
		39F8B10720E0C50000FA80F0 /* UIButton+SKVerticalLayout.h */ = {isa = PBXFileReference; fileEncoding = 4; lastKnownFileType = sourcecode.c.h; path = "UIButton+SKVerticalLayout.h"; sourceTree = "<group>"; };
		39F8B10820E0C50000FA80F0 /* UIButton+SKVerticalLayout.m */ = {isa = PBXFileReference; fileEncoding = 4; lastKnownFileType = sourcecode.c.objc; path = "UIButton+SKVerticalLayout.m"; sourceTree = "<group>"; };
		39F8B10920E0C50000FA80F0 /* UIButton+SKWebCache.h */ = {isa = PBXFileReference; fileEncoding = 4; lastKnownFileType = sourcecode.c.h; path = "UIButton+SKWebCache.h"; sourceTree = "<group>"; };
		39F8B10A20E0C50000FA80F0 /* UIButton+SKWebCache.m */ = {isa = PBXFileReference; fileEncoding = 4; lastKnownFileType = sourcecode.c.objc; path = "UIButton+SKWebCache.m"; sourceTree = "<group>"; };
		39F8B10B20E0C50000FA80F0 /* UIImage+SKFoundation.h */ = {isa = PBXFileReference; fileEncoding = 4; lastKnownFileType = sourcecode.c.h; path = "UIImage+SKFoundation.h"; sourceTree = "<group>"; };
		39F8B10C20E0C50000FA80F0 /* UIImage+SKFoundation.m */ = {isa = PBXFileReference; fileEncoding = 4; lastKnownFileType = sourcecode.c.objc; path = "UIImage+SKFoundation.m"; sourceTree = "<group>"; };
		39F8B10D20E0C50000FA80F0 /* UIImageView+SKWebCache.h */ = {isa = PBXFileReference; fileEncoding = 4; lastKnownFileType = sourcecode.c.h; path = "UIImageView+SKWebCache.h"; sourceTree = "<group>"; };
		39F8B10E20E0C50000FA80F0 /* UIImageView+SKWebCache.m */ = {isa = PBXFileReference; fileEncoding = 4; lastKnownFileType = sourcecode.c.objc; path = "UIImageView+SKWebCache.m"; sourceTree = "<group>"; };
		39F8B10F20E0C50000FA80F0 /* UILabel+SKHeight.h */ = {isa = PBXFileReference; fileEncoding = 4; lastKnownFileType = sourcecode.c.h; path = "UILabel+SKHeight.h"; sourceTree = "<group>"; };
		39F8B11020E0C50000FA80F0 /* UILabel+SKHeight.m */ = {isa = PBXFileReference; fileEncoding = 4; lastKnownFileType = sourcecode.c.objc; path = "UILabel+SKHeight.m"; sourceTree = "<group>"; };
		39F8B11120E0C50000FA80F0 /* UINavigationBar+Transition.h */ = {isa = PBXFileReference; fileEncoding = 4; lastKnownFileType = sourcecode.c.h; path = "UINavigationBar+Transition.h"; sourceTree = "<group>"; };
		39F8B11220E0C50000FA80F0 /* UINavigationBar+Transition.m */ = {isa = PBXFileReference; fileEncoding = 4; lastKnownFileType = sourcecode.c.objc; path = "UINavigationBar+Transition.m"; sourceTree = "<group>"; };
		39F8B11320E0C50000FA80F0 /* UIView+SKFoundation.h */ = {isa = PBXFileReference; fileEncoding = 4; lastKnownFileType = sourcecode.c.h; path = "UIView+SKFoundation.h"; sourceTree = "<group>"; };
		39F8B11420E0C50000FA80F0 /* UIView+SKFoundation.m */ = {isa = PBXFileReference; fileEncoding = 4; lastKnownFileType = sourcecode.c.objc; path = "UIView+SKFoundation.m"; sourceTree = "<group>"; };
		39F8B11520E0C50000FA80F0 /* UIViewController+SKMediator.h */ = {isa = PBXFileReference; fileEncoding = 4; lastKnownFileType = sourcecode.c.h; path = "UIViewController+SKMediator.h"; sourceTree = "<group>"; };
		39F8B11620E0C50000FA80F0 /* UIViewController+SKMediator.m */ = {isa = PBXFileReference; fileEncoding = 4; lastKnownFileType = sourcecode.c.objc; path = "UIViewController+SKMediator.m"; sourceTree = "<group>"; };
		39F8B12120E0C51600FA80F0 /* AppDelegate.h */ = {isa = PBXFileReference; fileEncoding = 4; lastKnownFileType = sourcecode.c.h; path = AppDelegate.h; sourceTree = "<group>"; };
		39F8B12220E0C51600FA80F0 /* AppDelegate.m */ = {isa = PBXFileReference; fileEncoding = 4; lastKnownFileType = sourcecode.c.objc; path = AppDelegate.m; sourceTree = "<group>"; };
		39F8B12320E0C51600FA80F0 /* Assets.xcassets */ = {isa = PBXFileReference; lastKnownFileType = folder.assetcatalog; path = Assets.xcassets; sourceTree = "<group>"; };
		39F8B12520E0C51600FA80F0 /* Base */ = {isa = PBXFileReference; lastKnownFileType = file.storyboard; name = Base; path = Base.lproj/LaunchScreen.storyboard; sourceTree = "<group>"; };
		39F8B12720E0C51600FA80F0 /* Base */ = {isa = PBXFileReference; lastKnownFileType = file.storyboard; name = Base; path = Base.lproj/Main.storyboard; sourceTree = "<group>"; };
		39F8B12820E0C51600FA80F0 /* Info.plist */ = {isa = PBXFileReference; fileEncoding = 4; lastKnownFileType = text.plist.xml; path = Info.plist; sourceTree = "<group>"; };
		39F8B12920E0C51600FA80F0 /* main.m */ = {isa = PBXFileReference; fileEncoding = 4; lastKnownFileType = sourcecode.c.objc; path = main.m; sourceTree = "<group>"; };
		39F8B12A20E0C51600FA80F0 /* ViewController.h */ = {isa = PBXFileReference; fileEncoding = 4; lastKnownFileType = sourcecode.c.h; path = ViewController.h; sourceTree = "<group>"; };
		39F8B12B20E0C51600FA80F0 /* ViewController.m */ = {isa = PBXFileReference; fileEncoding = 4; lastKnownFileType = sourcecode.c.objc; path = ViewController.m; sourceTree = "<group>"; };
		39F8B13320E0C58A00FA80F0 /* Default-568h@2x.png */ = {isa = PBXFileReference; lastKnownFileType = image.png; path = "Default-568h@2x.png"; sourceTree = "<group>"; };
		39F8B13520E0C66000FA80F0 /* SKExtension.pch */ = {isa = PBXFileReference; fileEncoding = 4; lastKnownFileType = sourcecode.c.h; path = SKExtension.pch; sourceTree = "<group>"; };
		464C37B21F94ABD400984984 /* SKExtension.app */ = {isa = PBXFileReference; explicitFileType = wrapper.application; includeInIndex = 0; path = SKExtension.app; sourceTree = BUILT_PRODUCTS_DIR; };
		4677F9DA1F99A0D10031F554 /* SKExtensionMacro.h */ = {isa = PBXFileReference; lastKnownFileType = sourcecode.c.h; path = SKExtensionMacro.h; sourceTree = "<group>"; };
		52518CFE1404136C0A36A8AD /* Pods-SKExtension.release.xcconfig */ = {isa = PBXFileReference; includeInIndex = 1; lastKnownFileType = text.xcconfig; name = "Pods-SKExtension.release.xcconfig"; path = "Pods/Target Support Files/Pods-SKExtension/Pods-SKExtension.release.xcconfig"; sourceTree = "<group>"; };
		725796EB797BE59C9740C4FD /* libPods-SKExtension.a */ = {isa = PBXFileReference; explicitFileType = archive.ar; includeInIndex = 0; path = "libPods-SKExtension.a"; sourceTree = BUILT_PRODUCTS_DIR; };
		D36030E0E856F31C6833BA61 /* Pods-SKExtension.debug.xcconfig */ = {isa = PBXFileReference; includeInIndex = 1; lastKnownFileType = text.xcconfig; name = "Pods-SKExtension.debug.xcconfig"; path = "Pods/Target Support Files/Pods-SKExtension/Pods-SKExtension.debug.xcconfig"; sourceTree = "<group>"; };
/* End PBXFileReference section */

/* Begin PBXFrameworksBuildPhase section */
		464C37AF1F94ABD400984984 /* Frameworks */ = {
			isa = PBXFrameworksBuildPhase;
			buildActionMask = 2147483647;
			files = (
				9AB37D863B1830149B257784 /* libPods-SKExtension.a in Frameworks */,
			);
			runOnlyForDeploymentPostprocessing = 0;
		};
/* End PBXFrameworksBuildPhase section */

/* Begin PBXGroup section */
		39F8B0CD20E0C4DC00FA80F0 /* Cache */ = {
			isa = PBXGroup;
			children = (
				39F8B0CE20E0C4DC00FA80F0 /* SKCacheItem.h */,
				39F8B0CF20E0C4DC00FA80F0 /* SKCacheItem.m */,
				39F8B0D020E0C4DC00FA80F0 /* SKCacheManager.h */,
				39F8B0D120E0C4DC00FA80F0 /* SKCacheManager.m */,
				39F8B0D220E0C4DC00FA80F0 /* SKFileManager.h */,
				39F8B0D320E0C4DC00FA80F0 /* SKFileManager.m */,
			);
			path = Cache;
			sourceTree = "<group>";
		};
		39F8B0D720E0C4EC00FA80F0 /* Foundation */ = {
			isa = PBXGroup;
			children = (
				39F8B0D820E0C4EC00FA80F0 /* NSArray+SKFoundation.h */,
				39F8B0D920E0C4EC00FA80F0 /* NSArray+SKFoundation.m */,
				39F8B0DA20E0C4EC00FA80F0 /* NSBundle+SKLanguage.h */,
				39F8B0DB20E0C4EC00FA80F0 /* NSBundle+SKLanguage.m */,
				39F8B0DC20E0C4EC00FA80F0 /* NSDate+SKFoundation.h */,
				39F8B0DD20E0C4EC00FA80F0 /* NSDate+SKFoundation.m */,
				39F8B0DE20E0C4EC00FA80F0 /* NSDictionary+SKFoundation.h */,
				39F8B0DF20E0C4EC00FA80F0 /* NSDictionary+SKFoundation.m */,
				39F8B0E020E0C4EC00FA80F0 /* NSFileManager+SKFoundation.h */,
				39F8B0E120E0C4EC00FA80F0 /* NSFileManager+SKFoundation.m */,
				39F8B0E220E0C4EC00FA80F0 /* NSNull+SKCommon.h */,
				39F8B0E320E0C4EC00FA80F0 /* NSNull+SKCommon.m */,
				39F8B0E420E0C4EC00FA80F0 /* NSObject+SKORM.h */,
				39F8B0E520E0C4EC00FA80F0 /* NSObject+SKORM.m */,
				39F8B0E620E0C4EC00FA80F0 /* NSObject+SKSwizzled.h */,
				39F8B0E720E0C4EC00FA80F0 /* NSObject+SKSwizzled.m */,
				39F8B0E820E0C4EC00FA80F0 /* NSString+SKCalculation.h */,
				39F8B0E920E0C4EC00FA80F0 /* NSString+SKCalculation.m */,
				39F8B0EA20E0C4EC00FA80F0 /* NSString+SKCheck.h */,
				39F8B0EB20E0C4EC00FA80F0 /* NSString+SKCheck.m */,
				39F8B0EC20E0C4EC00FA80F0 /* NSString+SKDate.h */,
				39F8B0ED20E0C4EC00FA80F0 /* NSString+SKDate.m */,
				39F8B0EE20E0C4EC00FA80F0 /* NSString+SKFoundation.h */,
				39F8B0EF20E0C4EC00FA80F0 /* NSString+SKFoundation.m */,
				39F8B0F020E0C4EC00FA80F0 /* NSString+SKURL.h */,
				39F8B0F120E0C4EC00FA80F0 /* NSString+SKURL.m */,
				39F8B0F220E0C4EC00FA80F0 /* NSTimer+SKFoundation.h */,
				39F8B0F320E0C4EC00FA80F0 /* NSTimer+SKFoundation.m */,
			);
			path = Foundation;
			sourceTree = "<group>";
		};
		39F8B10220E0C4F800FA80F0 /* Macro */ = {
			isa = PBXGroup;
			children = (
				39F8B10320E0C4F800FA80F0 /* SKExtensionMacro.h */,
			);
			path = Macro;
			sourceTree = "<group>";
		};
		39F8B10420E0C50000FA80F0 /* UIKit */ = {
			isa = PBXGroup;
			children = (
				39F8B10520E0C50000FA80F0 /* UIButton+SKClickInterval.h */,
				39F8B10620E0C50000FA80F0 /* UIButton+SKClickInterval.m */,
				39F8B10720E0C50000FA80F0 /* UIButton+SKVerticalLayout.h */,
				39F8B10820E0C50000FA80F0 /* UIButton+SKVerticalLayout.m */,
				39F8B10920E0C50000FA80F0 /* UIButton+SKWebCache.h */,
				39F8B10A20E0C50000FA80F0 /* UIButton+SKWebCache.m */,
				39F8B10B20E0C50000FA80F0 /* UIImage+SKFoundation.h */,
				39F8B10C20E0C50000FA80F0 /* UIImage+SKFoundation.m */,
				39F8B10D20E0C50000FA80F0 /* UIImageView+SKWebCache.h */,
				39F8B10E20E0C50000FA80F0 /* UIImageView+SKWebCache.m */,
				39F8B10F20E0C50000FA80F0 /* UILabel+SKHeight.h */,
				39F8B11020E0C50000FA80F0 /* UILabel+SKHeight.m */,
				39F8B11120E0C50000FA80F0 /* UINavigationBar+Transition.h */,
				39F8B11220E0C50000FA80F0 /* UINavigationBar+Transition.m */,
				39F8B11320E0C50000FA80F0 /* UIView+SKFoundation.h */,
				39F8B11420E0C50000FA80F0 /* UIView+SKFoundation.m */,
				39F8B11520E0C50000FA80F0 /* UIViewController+SKMediator.h */,
				39F8B11620E0C50000FA80F0 /* UIViewController+SKMediator.m */,
			);
			path = UIKit;
			sourceTree = "<group>";
		};
		39F8B12020E0C51600FA80F0 /* Ignore */ = {
			isa = PBXGroup;
			children = (
				39F8B13520E0C66000FA80F0 /* SKExtension.pch */,
				39F8B12120E0C51600FA80F0 /* AppDelegate.h */,
				39F8B12220E0C51600FA80F0 /* AppDelegate.m */,
				39F8B12320E0C51600FA80F0 /* Assets.xcassets */,
				39F8B12420E0C51600FA80F0 /* LaunchScreen.storyboard */,
				39F8B12620E0C51600FA80F0 /* Main.storyboard */,
				39F8B12820E0C51600FA80F0 /* Info.plist */,
				39F8B12920E0C51600FA80F0 /* main.m */,
				39F8B12A20E0C51600FA80F0 /* ViewController.h */,
				39F8B12B20E0C51600FA80F0 /* ViewController.m */,
			);
			path = Ignore;
			sourceTree = "<group>";
		};
		464C37A91F94ABD400984984 = {
			isa = PBXGroup;
			children = (
				39F8B13320E0C58A00FA80F0 /* Default-568h@2x.png */,
				39F8B12020E0C51600FA80F0 /* Ignore */,
				464C37B41F94ABD400984984 /* SKExtension */,
				464C37B31F94ABD400984984 /* Products */,
				6D52D87C764E176B351DAA67 /* Pods */,
				487BDD408600A9995A5F439B /* Frameworks */,
			);
			sourceTree = "<group>";
		};
		464C37B31F94ABD400984984 /* Products */ = {
			isa = PBXGroup;
			children = (
				464C37B21F94ABD400984984 /* SKExtension.app */,
			);
			name = Products;
			sourceTree = "<group>";
		};
		464C37B41F94ABD400984984 /* SKExtension */ = {
			isa = PBXGroup;
			children = (
				39F8B10420E0C50000FA80F0 /* UIKit */,
				39F8B10220E0C4F800FA80F0 /* Macro */,
				39F8B0D720E0C4EC00FA80F0 /* Foundation */,
				39F8B0CD20E0C4DC00FA80F0 /* Cache */,
				39AC383B20E0C06C000BA76A /* SKExtension.h */,
				4677F9D61F999FD40031F554 /* Macro */,
			);
			path = SKExtension;
			sourceTree = "<group>";
		};
		4677F9D61F999FD40031F554 /* Macro */ = {
			isa = PBXGroup;
			children = (
				4677F9DA1F99A0D10031F554 /* SKExtensionMacro.h */,
			);
			path = Macro;
			sourceTree = "<group>";
		};
		487BDD408600A9995A5F439B /* Frameworks */ = {
			isa = PBXGroup;
			children = (
				725796EB797BE59C9740C4FD /* libPods-SKExtension.a */,
			);
			name = Frameworks;
			sourceTree = "<group>";
		};
		6D52D87C764E176B351DAA67 /* Pods */ = {
			isa = PBXGroup;
			children = (
				D36030E0E856F31C6833BA61 /* Pods-SKExtension.debug.xcconfig */,
				52518CFE1404136C0A36A8AD /* Pods-SKExtension.release.xcconfig */,
			);
			name = Pods;
			sourceTree = "<group>";
		};
/* End PBXGroup section */

/* Begin PBXNativeTarget section */
		464C37B11F94ABD400984984 /* SKExtension */ = {
			isa = PBXNativeTarget;
			buildConfigurationList = 464C37DE1F94ABD500984984 /* Build configuration list for PBXNativeTarget "SKExtension" */;
			buildPhases = (
				E2A095A886612684F378CA50 /* [CP] Check Pods Manifest.lock */,
				464C37AE1F94ABD400984984 /* Sources */,
				464C37AF1F94ABD400984984 /* Frameworks */,
				464C37B01F94ABD400984984 /* Resources */,
				DDE7D96BA9BE264D07964736 /* [CP] Embed Pods Frameworks */,
				FFF405D8241FA8684DE04901 /* [CP] Copy Pods Resources */,
			);
			buildRules = (
			);
			dependencies = (
			);
			name = SKExtension;
			productName = SKExtension;
			productReference = 464C37B21F94ABD400984984 /* SKExtension.app */;
			productType = "com.apple.product-type.application";
		};
/* End PBXNativeTarget section */

/* Begin PBXProject section */
		464C37AA1F94ABD400984984 /* Project object */ = {
			isa = PBXProject;
			attributes = {
				LastUpgradeCheck = 0940;
				ORGANIZATIONNAME = CFsyk;
				TargetAttributes = {
					464C37B11F94ABD400984984 = {
						CreatedOnToolsVersion = 9.0;
						ProvisioningStyle = Automatic;
					};
				};
			};
			buildConfigurationList = 464C37AD1F94ABD400984984 /* Build configuration list for PBXProject "SKExtension" */;
			compatibilityVersion = "Xcode 8.0";
			developmentRegion = en;
			hasScannedForEncodings = 0;
			knownRegions = (
				en,
				Base,
			);
			mainGroup = 464C37A91F94ABD400984984;
			productRefGroup = 464C37B31F94ABD400984984 /* Products */;
			projectDirPath = "";
			projectRoot = "";
			targets = (
				464C37B11F94ABD400984984 /* SKExtension */,
			);
		};
/* End PBXProject section */

/* Begin PBXResourcesBuildPhase section */
		464C37B01F94ABD400984984 /* Resources */ = {
			isa = PBXResourcesBuildPhase;
			buildActionMask = 2147483647;
			files = (
				39F8B13020E0C51600FA80F0 /* Info.plist in Resources */,
				39F8B12F20E0C51600FA80F0 /* Main.storyboard in Resources */,
				39F8B12D20E0C51600FA80F0 /* Assets.xcassets in Resources */,
				39F8B13420E0C58A00FA80F0 /* Default-568h@2x.png in Resources */,
				39F8B12E20E0C51600FA80F0 /* LaunchScreen.storyboard in Resources */,
			);
			runOnlyForDeploymentPostprocessing = 0;
		};
/* End PBXResourcesBuildPhase section */

/* Begin PBXShellScriptBuildPhase section */
		DDE7D96BA9BE264D07964736 /* [CP] Embed Pods Frameworks */ = {
			isa = PBXShellScriptBuildPhase;
			buildActionMask = 2147483647;
			files = (
			);
			inputPaths = (
			);
			name = "[CP] Embed Pods Frameworks";
			outputPaths = (
			);
			runOnlyForDeploymentPostprocessing = 0;
			shellPath = /bin/sh;
			shellScript = "\"${SRCROOT}/Pods/Target Support Files/Pods-SKExtension/Pods-SKExtension-frameworks.sh\"\n";
			showEnvVarsInLog = 0;
		};
		E2A095A886612684F378CA50 /* [CP] Check Pods Manifest.lock */ = {
			isa = PBXShellScriptBuildPhase;
			buildActionMask = 2147483647;
			files = (
			);
			inputPaths = (
				"${PODS_PODFILE_DIR_PATH}/Podfile.lock",
				"${PODS_ROOT}/Manifest.lock",
			);
			name = "[CP] Check Pods Manifest.lock";
			outputPaths = (
				"$(DERIVED_FILE_DIR)/Pods-SKExtension-checkManifestLockResult.txt",
			);
			runOnlyForDeploymentPostprocessing = 0;
			shellPath = /bin/sh;
			shellScript = "diff \"${PODS_PODFILE_DIR_PATH}/Podfile.lock\" \"${PODS_ROOT}/Manifest.lock\" > /dev/null\nif [ $? != 0 ] ; then\n    # print error to STDERR\n    echo \"error: The sandbox is not in sync with the Podfile.lock. Run 'pod install' or update your CocoaPods installation.\" >&2\n    exit 1\nfi\n# This output is used by Xcode 'outputs' to avoid re-running this script phase.\necho \"SUCCESS\" > \"${SCRIPT_OUTPUT_FILE_0}\"\n";
			showEnvVarsInLog = 0;
		};
		FFF405D8241FA8684DE04901 /* [CP] Copy Pods Resources */ = {
			isa = PBXShellScriptBuildPhase;
			buildActionMask = 2147483647;
			files = (
			);
			inputPaths = (
				"${SRCROOT}/Pods/Target Support Files/Pods-SKExtension/Pods-SKExtension-resources.sh",
				"${PODS_ROOT}/MJRefresh/MJRefresh/MJRefresh.bundle",
				"${PODS_ROOT}/SAMKeychain/Support/SAMKeychain.bundle",
			);
			name = "[CP] Copy Pods Resources";
			outputPaths = (
				"${TARGET_BUILD_DIR}/${UNLOCALIZED_RESOURCES_FOLDER_PATH}",
			);
			runOnlyForDeploymentPostprocessing = 0;
			shellPath = /bin/sh;
			shellScript = "\"${SRCROOT}/Pods/Target Support Files/Pods-SKExtension/Pods-SKExtension-resources.sh\"\n";
			showEnvVarsInLog = 0;
		};
/* End PBXShellScriptBuildPhase section */

/* Begin PBXSourcesBuildPhase section */
		464C37AE1F94ABD400984984 /* Sources */ = {
			isa = PBXSourcesBuildPhase;
			buildActionMask = 2147483647;
			files = (
				39F8B0FC20E0C4ED00FA80F0 /* NSString+SKCalculation.m in Sources */,
				39F8B11920E0C50000FA80F0 /* UIButton+SKWebCache.m in Sources */,
				39F8B11F20E0C50000FA80F0 /* UIViewController+SKMediator.m in Sources */,
				39F8B0FE20E0C4ED00FA80F0 /* NSString+SKDate.m in Sources */,
				463279E31FA0A264000D4EAF /* SKExtensionMacro.h in Sources */,
				39F8B13120E0C51600FA80F0 /* main.m in Sources */,
				39F8B10120E0C4ED00FA80F0 /* NSTimer+SKFoundation.m in Sources */,
				39F8B0FB20E0C4ED00FA80F0 /* NSObject+SKSwizzled.m in Sources */,
				39F8B11820E0C50000FA80F0 /* UIButton+SKVerticalLayout.m in Sources */,
				39F8B0D420E0C4DC00FA80F0 /* SKCacheItem.m in Sources */,
				39F8B11A20E0C50000FA80F0 /* UIImage+SKFoundation.m in Sources */,
				39F8B10020E0C4ED00FA80F0 /* NSString+SKURL.m in Sources */,
				39F8B0D520E0C4DC00FA80F0 /* SKCacheManager.m in Sources */,
				39F8B11B20E0C50000FA80F0 /* UIImageView+SKWebCache.m in Sources */,
				39F8B0D620E0C4DC00FA80F0 /* SKFileManager.m in Sources */,
				39F8B0F520E0C4ED00FA80F0 /* NSBundle+SKLanguage.m in Sources */,
				39F8B0FA20E0C4ED00FA80F0 /* NSObject+SKORM.m in Sources */,
				39F8B0F720E0C4ED00FA80F0 /* NSDictionary+SKFoundation.m in Sources */,
				39F8B0FF20E0C4ED00FA80F0 /* NSString+SKFoundation.m in Sources */,
				39F8B11E20E0C50000FA80F0 /* UIView+SKFoundation.m in Sources */,
				39F8B0F920E0C4ED00FA80F0 /* NSNull+SKCommon.m in Sources */,
				39F8B12C20E0C51600FA80F0 /* AppDelegate.m in Sources */,
				39F8B0FD20E0C4ED00FA80F0 /* NSString+SKCheck.m in Sources */,
				39F8B0F620E0C4ED00FA80F0 /* NSDate+SKFoundation.m in Sources */,
				39F8B13220E0C51600FA80F0 /* ViewController.m in Sources */,
				39F8B11D20E0C50000FA80F0 /* UINavigationBar+Transition.m in Sources */,
				39F8B0F820E0C4ED00FA80F0 /* NSFileManager+SKFoundation.m in Sources */,
				39F8B11C20E0C50000FA80F0 /* UILabel+SKHeight.m in Sources */,
				39F8B0F420E0C4ED00FA80F0 /* NSArray+SKFoundation.m in Sources */,
				39F8B11720E0C50000FA80F0 /* UIButton+SKClickInterval.m in Sources */,
			);
			runOnlyForDeploymentPostprocessing = 0;
		};
/* End PBXSourcesBuildPhase section */

/* Begin PBXVariantGroup section */
		39F8B12420E0C51600FA80F0 /* LaunchScreen.storyboard */ = {
			isa = PBXVariantGroup;
			children = (
				39F8B12520E0C51600FA80F0 /* Base */,
			);
			name = LaunchScreen.storyboard;
			sourceTree = "<group>";
		};
		39F8B12620E0C51600FA80F0 /* Main.storyboard */ = {
			isa = PBXVariantGroup;
			children = (
				39F8B12720E0C51600FA80F0 /* Base */,
			);
			name = Main.storyboard;
			sourceTree = "<group>";
		};
/* End PBXVariantGroup section */

/* Begin XCBuildConfiguration section */
		464C37DC1F94ABD500984984 /* Debug */ = {
			isa = XCBuildConfiguration;
			buildSettings = {
				ALWAYS_SEARCH_USER_PATHS = NO;
				CLANG_ANALYZER_NONNULL = YES;
				CLANG_ANALYZER_NUMBER_OBJECT_CONVERSION = YES_AGGRESSIVE;
				CLANG_CXX_LANGUAGE_STANDARD = "gnu++14";
				CLANG_CXX_LIBRARY = "libc++";
				CLANG_ENABLE_MODULES = YES;
				CLANG_ENABLE_OBJC_ARC = YES;
				CLANG_WARN_BLOCK_CAPTURE_AUTORELEASING = YES;
				CLANG_WARN_BOOL_CONVERSION = YES;
				CLANG_WARN_COMMA = YES;
				CLANG_WARN_CONSTANT_CONVERSION = YES;
				CLANG_WARN_DEPRECATED_OBJC_IMPLEMENTATIONS = YES;
				CLANG_WARN_DIRECT_OBJC_ISA_USAGE = YES_ERROR;
				CLANG_WARN_DOCUMENTATION_COMMENTS = YES;
				CLANG_WARN_EMPTY_BODY = YES;
				CLANG_WARN_ENUM_CONVERSION = YES;
				CLANG_WARN_INFINITE_RECURSION = YES;
				CLANG_WARN_INT_CONVERSION = YES;
				CLANG_WARN_NON_LITERAL_NULL_CONVERSION = YES;
				CLANG_WARN_OBJC_IMPLICIT_RETAIN_SELF = YES;
				CLANG_WARN_OBJC_LITERAL_CONVERSION = YES;
				CLANG_WARN_OBJC_ROOT_CLASS = YES_ERROR;
				CLANG_WARN_RANGE_LOOP_ANALYSIS = YES;
				CLANG_WARN_STRICT_PROTOTYPES = YES;
				CLANG_WARN_SUSPICIOUS_MOVE = YES;
				CLANG_WARN_UNGUARDED_AVAILABILITY = YES_AGGRESSIVE;
				CLANG_WARN_UNREACHABLE_CODE = YES;
				CLANG_WARN__DUPLICATE_METHOD_MATCH = YES;
				CODE_SIGN_IDENTITY = "iPhone Developer";
				COPY_PHASE_STRIP = NO;
				DEBUG_INFORMATION_FORMAT = dwarf;
				ENABLE_STRICT_OBJC_MSGSEND = YES;
				ENABLE_TESTABILITY = YES;
				GCC_C_LANGUAGE_STANDARD = gnu11;
				GCC_DYNAMIC_NO_PIC = NO;
				GCC_NO_COMMON_BLOCKS = YES;
				GCC_OPTIMIZATION_LEVEL = 0;
				GCC_PRECOMPILE_PREFIX_HEADER = YES;
				GCC_PREFIX_HEADER = Ignore/SKExtension.pch;
				GCC_PREPROCESSOR_DEFINITIONS = (
					"DEBUG=1",
					"$(inherited)",
				);
				GCC_WARN_64_TO_32_BIT_CONVERSION = YES;
				GCC_WARN_ABOUT_RETURN_TYPE = YES_ERROR;
				GCC_WARN_UNDECLARED_SELECTOR = YES;
				GCC_WARN_UNINITIALIZED_AUTOS = YES_AGGRESSIVE;
				GCC_WARN_UNUSED_FUNCTION = YES;
				GCC_WARN_UNUSED_VARIABLE = YES;
				IPHONEOS_DEPLOYMENT_TARGET = 9.0;
				MTL_ENABLE_DEBUG_INFO = YES;
				ONLY_ACTIVE_ARCH = YES;
				SDKROOT = iphoneos;
			};
			name = Debug;
		};
		464C37DD1F94ABD500984984 /* Release */ = {
			isa = XCBuildConfiguration;
			buildSettings = {
				ALWAYS_SEARCH_USER_PATHS = NO;
				CLANG_ANALYZER_NONNULL = YES;
				CLANG_ANALYZER_NUMBER_OBJECT_CONVERSION = YES_AGGRESSIVE;
				CLANG_CXX_LANGUAGE_STANDARD = "gnu++14";
				CLANG_CXX_LIBRARY = "libc++";
				CLANG_ENABLE_MODULES = YES;
				CLANG_ENABLE_OBJC_ARC = YES;
				CLANG_WARN_BLOCK_CAPTURE_AUTORELEASING = YES;
				CLANG_WARN_BOOL_CONVERSION = YES;
				CLANG_WARN_COMMA = YES;
				CLANG_WARN_CONSTANT_CONVERSION = YES;
				CLANG_WARN_DEPRECATED_OBJC_IMPLEMENTATIONS = YES;
				CLANG_WARN_DIRECT_OBJC_ISA_USAGE = YES_ERROR;
				CLANG_WARN_DOCUMENTATION_COMMENTS = YES;
				CLANG_WARN_EMPTY_BODY = YES;
				CLANG_WARN_ENUM_CONVERSION = YES;
				CLANG_WARN_INFINITE_RECURSION = YES;
				CLANG_WARN_INT_CONVERSION = YES;
				CLANG_WARN_NON_LITERAL_NULL_CONVERSION = YES;
				CLANG_WARN_OBJC_IMPLICIT_RETAIN_SELF = YES;
				CLANG_WARN_OBJC_LITERAL_CONVERSION = YES;
				CLANG_WARN_OBJC_ROOT_CLASS = YES_ERROR;
				CLANG_WARN_RANGE_LOOP_ANALYSIS = YES;
				CLANG_WARN_STRICT_PROTOTYPES = YES;
				CLANG_WARN_SUSPICIOUS_MOVE = YES;
				CLANG_WARN_UNGUARDED_AVAILABILITY = YES_AGGRESSIVE;
				CLANG_WARN_UNREACHABLE_CODE = YES;
				CLANG_WARN__DUPLICATE_METHOD_MATCH = YES;
				CODE_SIGN_IDENTITY = "iPhone Developer";
				COPY_PHASE_STRIP = NO;
				DEBUG_INFORMATION_FORMAT = "dwarf-with-dsym";
				ENABLE_NS_ASSERTIONS = NO;
				ENABLE_STRICT_OBJC_MSGSEND = YES;
				GCC_C_LANGUAGE_STANDARD = gnu11;
				GCC_NO_COMMON_BLOCKS = YES;
				GCC_PRECOMPILE_PREFIX_HEADER = YES;
				GCC_PREFIX_HEADER = Ignore/SKExtension.pch;
				GCC_WARN_64_TO_32_BIT_CONVERSION = YES;
				GCC_WARN_ABOUT_RETURN_TYPE = YES_ERROR;
				GCC_WARN_UNDECLARED_SELECTOR = YES;
				GCC_WARN_UNINITIALIZED_AUTOS = YES_AGGRESSIVE;
				GCC_WARN_UNUSED_FUNCTION = YES;
				GCC_WARN_UNUSED_VARIABLE = YES;
				IPHONEOS_DEPLOYMENT_TARGET = 9.0;
				MTL_ENABLE_DEBUG_INFO = NO;
				SDKROOT = iphoneos;
				VALIDATE_PRODUCT = YES;
			};
			name = Release;
		};
		464C37DF1F94ABD500984984 /* Debug */ = {
			isa = XCBuildConfiguration;
			baseConfigurationReference = D36030E0E856F31C6833BA61 /* Pods-SKExtension.debug.xcconfig */;
			buildSettings = {
				ASSETCATALOG_COMPILER_APPICON_NAME = AppIcon;
				CODE_SIGN_STYLE = Automatic;
				INFOPLIST_FILE = Ignore/Info.plist;
				IPHONEOS_DEPLOYMENT_TARGET = 9.2;
				LD_RUNPATH_SEARCH_PATHS = "$(inherited) @executable_path/Frameworks";
				PRODUCT_BUNDLE_IDENTIFIER = syk.SKExtension;
				PRODUCT_NAME = "$(TARGET_NAME)";
				TARGETED_DEVICE_FAMILY = "1,2";
			};
			name = Debug;
		};
		464C37E01F94ABD500984984 /* Release */ = {
			isa = XCBuildConfiguration;
			baseConfigurationReference = 52518CFE1404136C0A36A8AD /* Pods-SKExtension.release.xcconfig */;
			buildSettings = {
				ASSETCATALOG_COMPILER_APPICON_NAME = AppIcon;
				CODE_SIGN_STYLE = Automatic;
				INFOPLIST_FILE = Ignore/Info.plist;
				IPHONEOS_DEPLOYMENT_TARGET = 9.2;
				LD_RUNPATH_SEARCH_PATHS = "$(inherited) @executable_path/Frameworks";
				PRODUCT_BUNDLE_IDENTIFIER = syk.SKExtension;
				PRODUCT_NAME = "$(TARGET_NAME)";
				TARGETED_DEVICE_FAMILY = "1,2";
			};
			name = Release;
		};
/* End XCBuildConfiguration section */

/* Begin XCConfigurationList section */
		464C37AD1F94ABD400984984 /* Build configuration list for PBXProject "SKExtension" */ = {
			isa = XCConfigurationList;
			buildConfigurations = (
				464C37DC1F94ABD500984984 /* Debug */,
				464C37DD1F94ABD500984984 /* Release */,
			);
			defaultConfigurationIsVisible = 0;
			defaultConfigurationName = Release;
		};
		464C37DE1F94ABD500984984 /* Build configuration list for PBXNativeTarget "SKExtension" */ = {
			isa = XCConfigurationList;
			buildConfigurations = (
				464C37DF1F94ABD500984984 /* Debug */,
				464C37E01F94ABD500984984 /* Release */,
			);
			defaultConfigurationIsVisible = 0;
			defaultConfigurationName = Release;
		};
/* End XCConfigurationList section */
	};
	rootObject = 464C37AA1F94ABD400984984 /* Project object */;
}
